
Microsoft Visual Studio Solution File, Format Version 12.00
# Visual Studio Version 17
VisualStudioVersion = 17.0.31903.59
MinimumVisualStudioVersion = 10.0.40219.1
Project("{2150E333-8FDC-42A3-9474-1A3956D46DE8}") = "src", "src", "{102DAB66-D961-44DD-9E91-B8CF173D0EFF}"
EndProject
Project("{FAE04EC0-301F-11D3-BF4B-00C04F79EFBC}") = "SimpleXlsxAdo", "src\SimpleXlsxAdo\SimpleXlsxAdo.csproj", "{D048D6CF-1822-45D8-9CD4-CB86BBF2D3E9}"
EndProject
Project("{2150E333-8FDC-42A3-9474-1A3956D46DE8}") = "test", "test", "{924C42D9-90C4-409D-B8BB-7C5D0B9BD8F9}"
EndProject
Project("{FAE04EC0-301F-11D3-BF4B-00C04F79EFBC}") = "SimpleXlsxAdo.Tests", "test\SimpleXlsxAdo.Tests\SimpleXlsxAdo.Tests.csproj", "{E0D52C7D-610E-4B05-9A44-BC5FD162F015}"
EndProject
Global
	GlobalSection(SolutionConfigurationPlatforms) = preSolution
		Debug|Any CPU = Debug|Any CPU
		Release|Any CPU = Release|Any CPU
	EndGlobalSection
	GlobalSection(SolutionProperties) = preSolution
		HideSolutionNode = FALSE
	EndGlobalSection
	GlobalSection(ProjectConfigurationPlatforms) = postSolution
		{D048D6CF-1822-45D8-9CD4-CB86BBF2D3E9}.Debug|Any CPU.ActiveCfg = Debug|Any CPU
		{D048D6CF-1822-45D8-9CD4-CB86BBF2D3E9}.Debug|Any CPU.Build.0 = Debug|Any CPU
		{D048D6CF-1822-45D8-9CD4-CB86BBF2D3E9}.Release|Any CPU.ActiveCfg = Release|Any CPU
		{D048D6CF-1822-45D8-9CD4-CB86BBF2D3E9}.Release|Any CPU.Build.0 = Release|Any CPU
		{E0D52C7D-610E-4B05-9A44-BC5FD162F015}.Debug|Any CPU.ActiveCfg = Debug|Any CPU
		{E0D52C7D-610E-4B05-9A44-BC5FD162F015}.Debug|Any CPU.Build.0 = Debug|Any CPU
		{E0D52C7D-610E-4B05-9A44-BC5FD162F015}.Release|Any CPU.ActiveCfg = Release|Any CPU
		{E0D52C7D-610E-4B05-9A44-BC5FD162F015}.Release|Any CPU.Build.0 = Release|Any CPU
	EndGlobalSection
	GlobalSection(NestedProjects) = preSolution
		{D048D6CF-1822-45D8-9CD4-CB86BBF2D3E9} = {102DAB66-D961-44DD-9E91-B8CF173D0EFF}
		{E0D52C7D-610E-4B05-9A44-BC5FD162F015} = {924C42D9-90C4-409D-B8BB-7C5D0B9BD8F9}
	EndGlobalSection
EndGlobal
